
Microsoft Visual Studio Solution File, Format Version 12.00
# Visual Studio Version 17
VisualStudioVersion = 17.11.35327.3
MinimumVisualStudioVersion = 10.0.40219.1
Project("{9A19103F-16F7-4668-BE54-9A1E7A4F7556}") = "C#Fundamentals_ToDoList", "C#Fundamentals_ToDoList\C#Fundamentals_ToDoList.csproj", "{AFBF6994-5C32-4A0D-9441-8E8CC5EF333F}"
EndProject
Project("{9A19103F-16F7-4668-BE54-9A1E7A4F7556}") = "SRP", "SRP\SRP.csproj", "{A68298E5-9960-41BB-98DC-68EE4B74CCBB}"
EndProject
Project("{9A19103F-16F7-4668-BE54-9A1E7A4F7556}") = "CookiesCookbookC#Assignment", "CookiesCookbookC#Assignment\CookiesCookbookC#Assignment.csproj", "{F9017AED-3D79-40A2-9859-2336CE9343FE}"
EndProject
Project("{9A19103F-16F7-4668-BE54-9A1E7A4F7556}") = "DiceRollGame_Assignment", "DiceRollGame_Assignment\DiceRollGame_Assignment.csproj", "{A3616A0A-54B8-4C2B-A4CE-B1CB337D9976}"
EndProject
Project("{FAE04EC0-301F-11D3-BF4B-00C04F79EFBC}") = "GameDataParser_Assignment", "GameDataParser_Assignment\GameDataParser_Assignment.csproj", "{96E764E9-C6D4-45E1-AD1E-BBCF92D6B100}"
EndProject
Global
	GlobalSection(SolutionConfigurationPlatforms) = preSolution
		Debug|Any CPU = Debug|Any CPU
		Release|Any CPU = Release|Any CPU
	EndGlobalSection
	GlobalSection(ProjectConfigurationPlatforms) = postSolution
		{AFBF6994-5C32-4A0D-9441-8E8CC5EF333F}.Debug|Any CPU.ActiveCfg = Debug|Any CPU
		{AFBF6994-5C32-4A0D-9441-8E8CC5EF333F}.Debug|Any CPU.Build.0 = Debug|Any CPU
		{AFBF6994-5C32-4A0D-9441-8E8CC5EF333F}.Release|Any CPU.ActiveCfg = Release|Any CPU
		{AFBF6994-5C32-4A0D-9441-8E8CC5EF333F}.Release|Any CPU.Build.0 = Release|Any CPU
		{A68298E5-9960-41BB-98DC-68EE4B74CCBB}.Debug|Any CPU.ActiveCfg = Debug|Any CPU
		{A68298E5-9960-41BB-98DC-68EE4B74CCBB}.Debug|Any CPU.Build.0 = Debug|Any CPU
		{A68298E5-9960-41BB-98DC-68EE4B74CCBB}.Release|Any CPU.ActiveCfg = Release|Any CPU
		{A68298E5-9960-41BB-98DC-68EE4B74CCBB}.Release|Any CPU.Build.0 = Release|Any CPU
		{F9017AED-3D79-40A2-9859-2336CE9343FE}.Debug|Any CPU.ActiveCfg = Debug|Any CPU
		{F9017AED-3D79-40A2-9859-2336CE9343FE}.Debug|Any CPU.Build.0 = Debug|Any CPU
		{F9017AED-3D79-40A2-9859-2336CE9343FE}.Release|Any CPU.ActiveCfg = Release|Any CPU
		{F9017AED-3D79-40A2-9859-2336CE9343FE}.Release|Any CPU.Build.0 = Release|Any CPU
		{A3616A0A-54B8-4C2B-A4CE-B1CB337D9976}.Debug|Any CPU.ActiveCfg = Debug|Any CPU
		{A3616A0A-54B8-4C2B-A4CE-B1CB337D9976}.Debug|Any CPU.Build.0 = Debug|Any CPU
		{A3616A0A-54B8-4C2B-A4CE-B1CB337D9976}.Release|Any CPU.ActiveCfg = Release|Any CPU
		{A3616A0A-54B8-4C2B-A4CE-B1CB337D9976}.Release|Any CPU.Build.0 = Release|Any CPU
		{96E764E9-C6D4-45E1-AD1E-BBCF92D6B100}.Debug|Any CPU.ActiveCfg = Debug|Any CPU
		{96E764E9-C6D4-45E1-AD1E-BBCF92D6B100}.Debug|Any CPU.Build.0 = Debug|Any CPU
		{96E764E9-C6D4-45E1-AD1E-BBCF92D6B100}.Release|Any CPU.ActiveCfg = Release|Any CPU
		{96E764E9-C6D4-45E1-AD1E-BBCF92D6B100}.Release|Any CPU.Build.0 = Release|Any CPU
	EndGlobalSection
	GlobalSection(SolutionProperties) = preSolution
		HideSolutionNode = FALSE
	EndGlobalSection
	GlobalSection(ExtensibilityGlobals) = postSolution
		SolutionGuid = {FE70B9A4-A448-42E2-820E-8565AE5411BA}
	EndGlobalSection
EndGlobal
